
Microsoft Visual Studio Solution File, Format Version 12.00
# Visual Studio Version 17
VisualStudioVersion = 17.12.35514.174
MinimumVisualStudioVersion = 10.0.40219.1
Project("{FAE04EC0-301F-11D3-BF4B-00C04F79EFBC}") = "UserManagementService", "UserManagementService\UserManagementService.csproj", "{297CFE3E-0C3A-4DC0-9D45-08ED28CBF1B6}"
EndProject
Project("{FAE04EC0-301F-11D3-BF4B-00C04F79EFBC}") = "AuthenticationService", "AuthenticationService\AuthenticationService.csproj", "{63EFA303-2BAE-4459-80C6-43DA00A197BC}"
EndProject
Global
	GlobalSection(SolutionConfigurationPlatforms) = preSolution
		Debug|Any CPU = Debug|Any CPU
		Release|Any CPU = Release|Any CPU
	EndGlobalSection
	GlobalSection(ProjectConfigurationPlatforms) = postSolution
		{297CFE3E-0C3A-4DC0-9D45-08ED28CBF1B6}.Debug|Any CPU.ActiveCfg = Debug|Any CPU
		{297CFE3E-0C3A-4DC0-9D45-08ED28CBF1B6}.Debug|Any CPU.Build.0 = Debug|Any CPU
		{297CFE3E-0C3A-4DC0-9D45-08ED28CBF1B6}.Release|Any CPU.ActiveCfg = Release|Any CPU
		{297CFE3E-0C3A-4DC0-9D45-08ED28CBF1B6}.Release|Any CPU.Build.0 = Release|Any CPU
		{63EFA303-2BAE-4459-80C6-43DA00A197BC}.Debug|Any CPU.ActiveCfg = Debug|Any CPU
		{63EFA303-2BAE-4459-80C6-43DA00A197BC}.Debug|Any CPU.Build.0 = Debug|Any CPU
		{63EFA303-2BAE-4459-80C6-43DA00A197BC}.Release|Any CPU.ActiveCfg = Release|Any CPU
		{63EFA303-2BAE-4459-80C6-43DA00A197BC}.Release|Any CPU.Build.0 = Release|Any CPU
	EndGlobalSection
	GlobalSection(SolutionProperties) = preSolution
		HideSolutionNode = FALSE
	EndGlobalSection
EndGlobal
